
Microsoft Visual Studio Solution File, Format Version 12.00
# Visual Studio Version 16
VisualStudioVersion = 16.0.31702.278
MinimumVisualStudioVersion = 10.0.40219.1
Project("{FAE04EC0-301F-11D3-BF4B-00C04F79EFBC}") = "WindowsFormsApp", "WindowsFormsApp\WindowsFormsApp.csproj", "{EBC537AB-D7BF-444E-93EC-DDBE7535205C}"
EndProject
Project("{2150E333-8FDC-42A3-9474-1A3956D46DE8}") = "UI", "UI", "{B30094E9-C792-4BF3-B32C-1C7BD7AC8462}"
EndProject
Project("{FAE04EC0-301F-11D3-BF4B-00C04F79EFBC}") = "CapaDatos", "CapaDatos\CapaDatos.csproj", "{AF9BB425-A9DF-44DE-8AC8-23A280F3E4B7}"
EndProject
Project("{2150E333-8FDC-42A3-9474-1A3956D46DE8}") = "Datos", "Datos", "{2A7D6E7B-27C1-4EDB-8AE0-7ED16EF85A0F}"
EndProject
Project("{2150E333-8FDC-42A3-9474-1A3956D46DE8}") = "Negocios", "Negocios", "{136F1781-8378-4629-AD59-93696E2B8418}"
EndProject
Project("{FAE04EC0-301F-11D3-BF4B-00C04F79EFBC}") = "CapaNegocios", "Negocio\CapaNegocios.csproj", "{2A59D46E-D3B4-4BFD-A4B1-DAB5F0D6C87F}"
EndProject
Project("{FAE04EC0-301F-11D3-BF4B-00C04F79EFBC}") = "CapaPresentacion", "CapaPresentacion\CapaPresentacion.csproj", "{5C07AF7C-B586-405F-B02A-847FE9D8A0F1}"
EndProject
Project("{2150E333-8FDC-42A3-9474-1A3956D46DE8}") = "Presentacion", "Presentacion", "{0FD06614-0DB8-4924-8C7D-35A78700B9C6}"
EndProject
Global
	GlobalSection(SolutionConfigurationPlatforms) = preSolution
		Debug|Any CPU = Debug|Any CPU
		Release|Any CPU = Release|Any CPU
	EndGlobalSection
	GlobalSection(ProjectConfigurationPlatforms) = postSolution
		{EBC537AB-D7BF-444E-93EC-DDBE7535205C}.Debug|Any CPU.ActiveCfg = Debug|Any CPU
		{EBC537AB-D7BF-444E-93EC-DDBE7535205C}.Debug|Any CPU.Build.0 = Debug|Any CPU
		{EBC537AB-D7BF-444E-93EC-DDBE7535205C}.Release|Any CPU.ActiveCfg = Release|Any CPU
		{EBC537AB-D7BF-444E-93EC-DDBE7535205C}.Release|Any CPU.Build.0 = Release|Any CPU
		{AF9BB425-A9DF-44DE-8AC8-23A280F3E4B7}.Debug|Any CPU.ActiveCfg = Debug|Any CPU
		{AF9BB425-A9DF-44DE-8AC8-23A280F3E4B7}.Debug|Any CPU.Build.0 = Debug|Any CPU
		{AF9BB425-A9DF-44DE-8AC8-23A280F3E4B7}.Release|Any CPU.ActiveCfg = Release|Any CPU
		{AF9BB425-A9DF-44DE-8AC8-23A280F3E4B7}.Release|Any CPU.Build.0 = Release|Any CPU
		{2A59D46E-D3B4-4BFD-A4B1-DAB5F0D6C87F}.Debug|Any CPU.ActiveCfg = Debug|Any CPU
		{2A59D46E-D3B4-4BFD-A4B1-DAB5F0D6C87F}.Debug|Any CPU.Build.0 = Debug|Any CPU
		{2A59D46E-D3B4-4BFD-A4B1-DAB5F0D6C87F}.Release|Any CPU.ActiveCfg = Release|Any CPU
		{2A59D46E-D3B4-4BFD-A4B1-DAB5F0D6C87F}.Release|Any CPU.Build.0 = Release|Any CPU
		{5C07AF7C-B586-405F-B02A-847FE9D8A0F1}.Debug|Any CPU.ActiveCfg = Debug|Any CPU
		{5C07AF7C-B586-405F-B02A-847FE9D8A0F1}.Debug|Any CPU.Build.0 = Debug|Any CPU
		{5C07AF7C-B586-405F-B02A-847FE9D8A0F1}.Release|Any CPU.ActiveCfg = Release|Any CPU
		{5C07AF7C-B586-405F-B02A-847FE9D8A0F1}.Release|Any CPU.Build.0 = Release|Any CPU
	EndGlobalSection
	GlobalSection(SolutionProperties) = preSolution
		HideSolutionNode = FALSE
	EndGlobalSection
	GlobalSection(NestedProjects) = preSolution
		{EBC537AB-D7BF-444E-93EC-DDBE7535205C} = {B30094E9-C792-4BF3-B32C-1C7BD7AC8462}
		{AF9BB425-A9DF-44DE-8AC8-23A280F3E4B7} = {2A7D6E7B-27C1-4EDB-8AE0-7ED16EF85A0F}
		{2A59D46E-D3B4-4BFD-A4B1-DAB5F0D6C87F} = {136F1781-8378-4629-AD59-93696E2B8418}
		{5C07AF7C-B586-405F-B02A-847FE9D8A0F1} = {0FD06614-0DB8-4924-8C7D-35A78700B9C6}
	EndGlobalSection
	GlobalSection(ExtensibilityGlobals) = postSolution
		SolutionGuid = {1B92B0B5-772F-4C42-AC46-AFFFA011296A}
	EndGlobalSection
EndGlobal
